
Microsoft Visual Studio Solution File, Format Version 12.00
# Visual Studio Version 16
VisualStudioVersion = 16.0.31911.196
MinimumVisualStudioVersion = 10.0.40219.1
Project("{FAE04EC0-301F-11D3-BF4B-00C04F79EFBC}") = "gdiplusShowcase", "gdiplusShowcase.csproj", "{289ADB8C-72F2-4F05-A892-DFB0EE8B30BE}"
EndProject
Global
	GlobalSection(SolutionConfigurationPlatforms) = preSolution
		Debug|Any CPU = Debug|Any CPU
		Release|Any CPU = Release|Any CPU
	EndGlobalSection
	GlobalSection(ProjectConfigurationPlatforms) = postSolution
		{289ADB8C-72F2-4F05-A892-DFB0EE8B30BE}.Debug|Any CPU.ActiveCfg = Debug|Any CPU
		{289ADB8C-72F2-4F05-A892-DFB0EE8B30BE}.Debug|Any CPU.Build.0 = Debug|Any CPU
		{289ADB8C-72F2-4F05-A892-DFB0EE8B30BE}.Release|Any CPU.ActiveCfg = Release|Any CPU
		{289ADB8C-72F2-4F05-A892-DFB0EE8B30BE}.Release|Any CPU.Build.0 = Release|Any CPU
	EndGlobalSection
	GlobalSection(SolutionProperties) = preSolution
		HideSolutionNode = FALSE
	EndGlobalSection
	GlobalSection(ExtensibilityGlobals) = postSolution
		SolutionGuid = {A7F84842-F53B-4758-8A6C-6A026E0E6512}
	EndGlobalSection
EndGlobal
